
Microsoft Visual Studio Solution File, Format Version 12.00
# Visual Studio Version 16
VisualStudioVersion = 16.0.30503.244
MinimumVisualStudioVersion = 10.0.40219.1
Project("{FAE04EC0-301F-11D3-BF4B-00C04F79EFBC}") = "WebApplication1", "WebApplication1\WebApplication1.csproj", "{633DE7A9-231A-405F-B954-A50ACC9AD891}"
EndProject
Global
	GlobalSection(SolutionConfigurationPlatforms) = preSolution
		Debug|Any CPU = Debug|Any CPU
		Release|Any CPU = Release|Any CPU
	EndGlobalSection
	GlobalSection(ProjectConfigurationPlatforms) = postSolution
		{633DE7A9-231A-405F-B954-A50ACC9AD891}.Debug|Any CPU.ActiveCfg = Debug|Any CPU
		{633DE7A9-231A-405F-B954-A50ACC9AD891}.Debug|Any CPU.Build.0 = Debug|Any CPU
		{633DE7A9-231A-405F-B954-A50ACC9AD891}.Release|Any CPU.ActiveCfg = Release|Any CPU
		{633DE7A9-231A-405F-B954-A50ACC9AD891}.Release|Any CPU.Build.0 = Release|Any CPU
	EndGlobalSection
	GlobalSection(SolutionProperties) = preSolution
		HideSolutionNode = FALSE
	EndGlobalSection
	GlobalSection(ExtensibilityGlobals) = postSolution
		SolutionGuid = {DD5EFF3A-D587-4326-B3C7-3231D303F031}
	EndGlobalSection
EndGlobal
